
Microsoft Visual Studio Solution File, Format Version 12.00
# Visual Studio Version 16
VisualStudioVersion = 25.0.1700.0
MinimumVisualStudioVersion = 10.0.40219.1
Project("{FAE04EC0-301F-11D3-BF4B-00C04F79EFBC}") = "HW", "HW\HW.csproj", "{A9A51DFE-CC5B-4521-B12D-EF00A25E66E4}"
EndProject
Global
	GlobalSection(SolutionConfigurationPlatforms) = preSolution
		Debug|Any CPU = Debug|Any CPU
		Release|Any CPU = Release|Any CPU
	EndGlobalSection
	GlobalSection(ProjectConfigurationPlatforms) = postSolution
		{A9A51DFE-CC5B-4521-B12D-EF00A25E66E4}.Debug|Any CPU.ActiveCfg = Debug|Any CPU
		{A9A51DFE-CC5B-4521-B12D-EF00A25E66E4}.Debug|Any CPU.Build.0 = Debug|Any CPU
		{A9A51DFE-CC5B-4521-B12D-EF00A25E66E4}.Release|Any CPU.ActiveCfg = Release|Any CPU
		{A9A51DFE-CC5B-4521-B12D-EF00A25E66E4}.Release|Any CPU.Build.0 = Release|Any CPU
	EndGlobalSection
	GlobalSection(SolutionProperties) = preSolution
		HideSolutionNode = FALSE
	EndGlobalSection
	GlobalSection(ExtensibilityGlobals) = postSolution
		SolutionGuid = {5D68300A-A893-4AB0-96C5-A2561E7782DF}
	EndGlobalSection
EndGlobal
